{
  "name": "tic-tac-toe",
  "lockfileVersion": 2,
  "requires": true,
  "packages": {
    "": {
      "dependencies": {
        "router": "github:sour-d/JS-router",
        "server": "github:sour-d/js-server"
      }
    },
    "node_modules/router": {
      "version": "1.0.0",
      "resolved": "git+ssh://git@github.com/sour-d/JS-router.git#85ce9123f05a675aacf8e874c9cc1d5b2f78b032",
      "license": "ISC"
    },
    "node_modules/server": {
      "version": "1.0.0",
      "resolved": "git+ssh://git@github.com/sour-d/js-server.git#78eb0582c0dbc4f750cdafc467c0d52efa17f499",
      "license": "ISC"
    }
  },
  "dependencies": {
    "router": {
      "version": "git+ssh://git@github.com/sour-d/JS-router.git#85ce9123f05a675aacf8e874c9cc1d5b2f78b032",
      "from": "router@github:sour-d/JS-router"
    },
    "server": {
      "version": "git+ssh://git@github.com/sour-d/js-server.git#78eb0582c0dbc4f750cdafc467c0d52efa17f499",
      "from": "server@https://github.com/sour-d/js-server.git"
    }
  }
}
